
Microsoft Visual Studio Solution File, Format Version 12.00
# Visual Studio 2012
Project("{FAE04EC0-301F-11D3-BF4B-00C04F79EFBC}") = "PrintFleetClient", "PrintFleetClient\PrintFleetClient.csproj", "{3E66113D-9E33-425F-835B-4BBBEE6CE895}"
EndProject
Project("{FAE04EC0-301F-11D3-BF4B-00C04F79EFBC}") = "Tests", "Tests\Tests.csproj", "{F868E006-522B-40C1-A965-C2531B4F619E}"
EndProject
Global
	GlobalSection(SolutionConfigurationPlatforms) = preSolution
		Debug|Any CPU = Debug|Any CPU
		Release|Any CPU = Release|Any CPU
	EndGlobalSection
	GlobalSection(ProjectConfigurationPlatforms) = postSolution
		{3E66113D-9E33-425F-835B-4BBBEE6CE895}.Debug|Any CPU.ActiveCfg = Debug|Any CPU
		{3E66113D-9E33-425F-835B-4BBBEE6CE895}.Debug|Any CPU.Build.0 = Debug|Any CPU
		{3E66113D-9E33-425F-835B-4BBBEE6CE895}.Release|Any CPU.ActiveCfg = Release|Any CPU
		{3E66113D-9E33-425F-835B-4BBBEE6CE895}.Release|Any CPU.Build.0 = Release|Any CPU
		{F868E006-522B-40C1-A965-C2531B4F619E}.Debug|Any CPU.ActiveCfg = Debug|Any CPU
		{F868E006-522B-40C1-A965-C2531B4F619E}.Debug|Any CPU.Build.0 = Debug|Any CPU
		{F868E006-522B-40C1-A965-C2531B4F619E}.Release|Any CPU.ActiveCfg = Release|Any CPU
		{F868E006-522B-40C1-A965-C2531B4F619E}.Release|Any CPU.Build.0 = Release|Any CPU
	EndGlobalSection
	GlobalSection(SolutionProperties) = preSolution
		HideSolutionNode = FALSE
	EndGlobalSection
EndGlobal
